// !$*UTF8*$!
{
	archiveVersion = 1;
	classes = {
	};
	objectVersion = 55;
	objects = {

/* Begin PBXBuildFile section */
		D3D8D52B278FCA7400CE1A4D /* AtkProApp.swift in Sources */ = {isa = PBXBuildFile; fileRef = D3D8D52A278FCA7400CE1A4D /* AtkProApp.swift */; };
		D3D8D52F278FCA7500CE1A4D /* Assets.xcassets in Resources */ = {isa = PBXBuildFile; fileRef = D3D8D52E278FCA7500CE1A4D /* Assets.xcassets */; };
		D3D8D532278FCA7500CE1A4D /* Preview Assets.xcassets in Resources */ = {isa = PBXBuildFile; fileRef = D3D8D531278FCA7500CE1A4D /* Preview Assets.xcassets */; };
		D3D8D53C278FCB6100CE1A4D /* Atk.swift in Sources */ = {isa = PBXBuildFile; fileRef = D3D8D53B278FCB6100CE1A4D /* Atk.swift */; };
		D3D8D53E278FCB9400CE1A4D /* AtkView.swift in Sources */ = {isa = PBXBuildFile; fileRef = D3D8D53D278FCB9400CE1A4D /* AtkView.swift */; };
		D3D8D540278FCBBE00CE1A4D /* AtkModel.swift in Sources */ = {isa = PBXBuildFile; fileRef = D3D8D53F278FCBBE00CE1A4D /* AtkModel.swift */; };
		D3D8D542278FCDE300CE1A4D /* ImageLoader.swift in Sources */ = {isa = PBXBuildFile; fileRef = D3D8D541278FCDE300CE1A4D /* ImageLoader.swift */; };
		D3D8D544278FD81B00CE1A4D /* WebView.swift in Sources */ = {isa = PBXBuildFile; fileRef = D3D8D543278FD81B00CE1A4D /* WebView.swift */; };
		D3D8D546278FDDB500CE1A4D /* ContentView.swift in Sources */ = {isa = PBXBuildFile; fileRef = D3D8D545278FDDB500CE1A4D /* ContentView.swift */; };
		D3FD519D279028F70031EABC /* ATK.pdf in Resources */ = {isa = PBXBuildFile; fileRef = D3FD519C279028F70031EABC /* ATK.pdf */; };
		D3FD519F27902AC10031EABC /* ContentView2.swift in Sources */ = {isa = PBXBuildFile; fileRef = D3FD519E27902AC10031EABC /* ContentView2.swift */; };
		D3FD51A1279031D20031EABC /* CustomPDFView.swift in Sources */ = {isa = PBXBuildFile; fileRef = D3FD51A0279031D20031EABC /* CustomPDFView.swift */; };
/* End PBXBuildFile section */

/* Begin PBXFileReference section */
		D3D8D527278FCA7400CE1A4D /* AtkPro.app */ = {isa = PBXFileReference; explicitFileType = wrapper.application; includeInIndex = 0; path = AtkPro.app; sourceTree = BUILT_PRODUCTS_DIR; };
		D3D8D52A278FCA7400CE1A4D /* AtkProApp.swift */ = {isa = PBXFileReference; lastKnownFileType = sourcecode.swift; path = AtkProApp.swift; sourceTree = "<group>"; };
		D3D8D52E278FCA7500CE1A4D /* Assets.xcassets */ = {isa = PBXFileReference; lastKnownFileType = folder.assetcatalog; path = Assets.xcassets; sourceTree = "<group>"; };
		D3D8D531278FCA7500CE1A4D /* Preview Assets.xcassets */ = {isa = PBXFileReference; lastKnownFileType = folder.assetcatalog; path = "Preview Assets.xcassets"; sourceTree = "<group>"; };
		D3D8D53B278FCB6100CE1A4D /* Atk.swift */ = {isa = PBXFileReference; lastKnownFileType = sourcecode.swift; path = Atk.swift; sourceTree = "<group>"; };
		D3D8D53D278FCB9400CE1A4D /* AtkView.swift */ = {isa = PBXFileReference; lastKnownFileType = sourcecode.swift; path = AtkView.swift; sourceTree = "<group>"; };
		D3D8D53F278FCBBE00CE1A4D /* AtkModel.swift */ = {isa = PBXFileReference; lastKnownFileType = sourcecode.swift; path = AtkModel.swift; sourceTree = "<group>"; };
		D3D8D541278FCDE300CE1A4D /* ImageLoader.swift */ = {isa = PBXFileReference; lastKnownFileType = sourcecode.swift; path = ImageLoader.swift; sourceTree = "<group>"; };
		D3D8D543278FD81B00CE1A4D /* WebView.swift */ = {isa = PBXFileReference; lastKnownFileType = sourcecode.swift; path = WebView.swift; sourceTree = "<group>"; };
		D3D8D545278FDDB500CE1A4D /* ContentView.swift */ = {isa = PBXFileReference; lastKnownFileType = sourcecode.swift; path = ContentView.swift; sourceTree = "<group>"; };
		D3FD519C279028F70031EABC /* ATK.pdf */ = {isa = PBXFileReference; lastKnownFileType = image.pdf; path = ATK.pdf; sourceTree = "<group>"; };
		D3FD519E27902AC10031EABC /* ContentView2.swift */ = {isa = PBXFileReference; lastKnownFileType = sourcecode.swift; path = ContentView2.swift; sourceTree = "<group>"; };
		D3FD51A0279031D20031EABC /* CustomPDFView.swift */ = {isa = PBXFileReference; fileEncoding = 4; lastKnownFileType = sourcecode.swift; path = CustomPDFView.swift; sourceTree = "<group>"; };
/* End PBXFileReference section */

/* Begin PBXFrameworksBuildPhase section */
		D3D8D524278FCA7400CE1A4D /* Frameworks */ = {
			isa = PBXFrameworksBuildPhase;
			buildActionMask = 2147483647;
			files = (
			);
			runOnlyForDeploymentPostprocessing = 0;
		};
/* End PBXFrameworksBuildPhase section */

/* Begin PBXGroup section */
		D3D8D51E278FCA7400CE1A4D = {
			isa = PBXGroup;
			children = (
				D3D8D529278FCA7400CE1A4D /* AtkPro */,
				D3D8D528278FCA7400CE1A4D /* Products */,
			);
			sourceTree = "<group>";
		};
		D3D8D528278FCA7400CE1A4D /* Products */ = {
			isa = PBXGroup;
			children = (
				D3D8D527278FCA7400CE1A4D /* AtkPro.app */,
			);
			name = Products;
			sourceTree = "<group>";
		};
		D3D8D529278FCA7400CE1A4D /* AtkPro */ = {
			isa = PBXGroup;
			children = (
				D3D8D52A278FCA7400CE1A4D /* AtkProApp.swift */,
				D3FD519B279028DE0031EABC /* File */,
				D3D8D538278FCB2500CE1A4D /* Model */,
				D3D8D539278FCB2B00CE1A4D /* View */,
				D3D8D53A278FCB3100CE1A4D /* ViewModel */,
				D3D8D52E278FCA7500CE1A4D /* Assets.xcassets */,
				D3D8D530278FCA7500CE1A4D /* Preview Content */,
			);
			path = AtkPro;
			sourceTree = "<group>";
		};
		D3D8D530278FCA7500CE1A4D /* Preview Content */ = {
			isa = PBXGroup;
			children = (
				D3D8D531278FCA7500CE1A4D /* Preview Assets.xcassets */,
			);
			path = "Preview Content";
			sourceTree = "<group>";
		};
		D3D8D538278FCB2500CE1A4D /* Model */ = {
			isa = PBXGroup;
			children = (
				D3D8D53B278FCB6100CE1A4D /* Atk.swift */,
			);
			path = Model;
			sourceTree = "<group>";
		};
		D3D8D539278FCB2B00CE1A4D /* View */ = {
			isa = PBXGroup;
			children = (
				D3D8D545278FDDB500CE1A4D /* ContentView.swift */,
				D3FD519E27902AC10031EABC /* ContentView2.swift */,
				D3D8D53D278FCB9400CE1A4D /* AtkView.swift */,
				D3D8D543278FD81B00CE1A4D /* WebView.swift */,
			);
			path = View;
			sourceTree = "<group>";
		};
		D3D8D53A278FCB3100CE1A4D /* ViewModel */ = {
			isa = PBXGroup;
			children = (
				D3FD51A0279031D20031EABC /* CustomPDFView.swift */,
				D3D8D53F278FCBBE00CE1A4D /* AtkModel.swift */,
				D3D8D541278FCDE300CE1A4D /* ImageLoader.swift */,
			);
			path = ViewModel;
			sourceTree = "<group>";
		};
		D3FD519B279028DE0031EABC /* File */ = {
			isa = PBXGroup;
			children = (
				D3FD519C279028F70031EABC /* ATK.pdf */,
			);
			path = File;
			sourceTree = "<group>";
		};
/* End PBXGroup section */

/* Begin PBXNativeTarget section */
		D3D8D526278FCA7400CE1A4D /* AtkPro */ = {
			isa = PBXNativeTarget;
			buildConfigurationList = D3D8D535278FCA7500CE1A4D /* Build configuration list for PBXNativeTarget "AtkPro" */;
			buildPhases = (
				D3D8D523278FCA7400CE1A4D /* Sources */,
				D3D8D524278FCA7400CE1A4D /* Frameworks */,
				D3D8D525278FCA7400CE1A4D /* Resources */,
			);
			buildRules = (
			);
			dependencies = (
			);
			name = AtkPro;
			productName = AtkPro;
			productReference = D3D8D527278FCA7400CE1A4D /* AtkPro.app */;
			productType = "com.apple.product-type.application";
		};
/* End PBXNativeTarget section */

/* Begin PBXProject section */
		D3D8D51F278FCA7400CE1A4D /* Project object */ = {
			isa = PBXProject;
			attributes = {
				BuildIndependentTargetsInParallel = 1;
				LastSwiftUpdateCheck = 1320;
				LastUpgradeCheck = 1320;
				TargetAttributes = {
					D3D8D526278FCA7400CE1A4D = {
						CreatedOnToolsVersion = 13.2.1;
					};
				};
			};
			buildConfigurationList = D3D8D522278FCA7400CE1A4D /* Build configuration list for PBXProject "AtkPro" */;
			compatibilityVersion = "Xcode 13.0";
			developmentRegion = en;
			hasScannedForEncodings = 0;
			knownRegions = (
				en,
				Base,
			);
			mainGroup = D3D8D51E278FCA7400CE1A4D;
			productRefGroup = D3D8D528278FCA7400CE1A4D /* Products */;
			projectDirPath = "";
			projectRoot = "";
			targets = (
				D3D8D526278FCA7400CE1A4D /* AtkPro */,
			);
		};
/* End PBXProject section */

/* Begin PBXResourcesBuildPhase section */
		D3D8D525278FCA7400CE1A4D /* Resources */ = {
			isa = PBXResourcesBuildPhase;
			buildActionMask = 2147483647;
			files = (
				D3FD519D279028F70031EABC /* ATK.pdf in Resources */,
				D3D8D532278FCA7500CE1A4D /* Preview Assets.xcassets in Resources */,
				D3D8D52F278FCA7500CE1A4D /* Assets.xcassets in Resources */,
			);
			runOnlyForDeploymentPostprocessing = 0;
		};
/* End PBXResourcesBuildPhase section */

/* Begin PBXSourcesBuildPhase section */
		D3D8D523278FCA7400CE1A4D /* Sources */ = {
			isa = PBXSourcesBuildPhase;
			buildActionMask = 2147483647;
			files = (
				D3D8D52B278FCA7400CE1A4D /* AtkProApp.swift in Sources */,
				D3D8D53C278FCB6100CE1A4D /* Atk.swift in Sources */,
				D3D8D546278FDDB500CE1A4D /* ContentView.swift in Sources */,
				D3D8D542278FCDE300CE1A4D /* ImageLoader.swift in Sources */,
				D3D8D544278FD81B00CE1A4D /* WebView.swift in Sources */,
				D3FD519F27902AC10031EABC /* ContentView2.swift in Sources */,
				D3D8D540278FCBBE00CE1A4D /* AtkModel.swift in Sources */,
				D3D8D53E278FCB9400CE1A4D /* AtkView.swift in Sources */,
				D3FD51A1279031D20031EABC /* CustomPDFView.swift in Sources */,
			);
			runOnlyForDeploymentPostprocessing = 0;
		};
/* End PBXSourcesBuildPhase section */

/* Begin XCBuildConfiguration section */
		D3D8D533278FCA7500CE1A4D /* Debug */ = {
			isa = XCBuildConfiguration;
			buildSettings = {
				ALWAYS_SEARCH_USER_PATHS = NO;
				CLANG_ANALYZER_NONNULL = YES;
				CLANG_ANALYZER_NUMBER_OBJECT_CONVERSION = YES_AGGRESSIVE;
				CLANG_CXX_LANGUAGE_STANDARD = "gnu++17";
				CLANG_CXX_LIBRARY = "libc++";
				CLANG_ENABLE_MODULES = YES;
				CLANG_ENABLE_OBJC_ARC = YES;
				CLANG_ENABLE_OBJC_WEAK = YES;
				CLANG_WARN_BLOCK_CAPTURE_AUTORELEASING = YES;
				CLANG_WARN_BOOL_CONVERSION = YES;
				CLANG_WARN_COMMA = YES;
				CLANG_WARN_CONSTANT_CONVERSION = YES;
				CLANG_WARN_DEPRECATED_OBJC_IMPLEMENTATIONS = YES;
				CLANG_WARN_DIRECT_OBJC_ISA_USAGE = YES_ERROR;
				CLANG_WARN_DOCUMENTATION_COMMENTS = YES;
				CLANG_WARN_EMPTY_BODY = YES;
				CLANG_WARN_ENUM_CONVERSION = YES;
				CLANG_WARN_INFINITE_RECURSION = YES;
				CLANG_WARN_INT_CONVERSION = YES;
				CLANG_WARN_NON_LITERAL_NULL_CONVERSION = YES;
				CLANG_WARN_OBJC_IMPLICIT_RETAIN_SELF = YES;
				CLANG_WARN_OBJC_LITERAL_CONVERSION = YES;
				CLANG_WARN_OBJC_ROOT_CLASS = YES_ERROR;
				CLANG_WARN_QUOTED_INCLUDE_IN_FRAMEWORK_HEADER = YES;
				CLANG_WARN_RANGE_LOOP_ANALYSIS = YES;
				CLANG_WARN_STRICT_PROTOTYPES = YES;
				CLANG_WARN_SUSPICIOUS_MOVE = YES;
				CLANG_WARN_UNGUARDED_AVAILABILITY = YES_AGGRESSIVE;
				CLANG_WARN_UNREACHABLE_CODE = YES;
				CLANG_WARN__DUPLICATE_METHOD_MATCH = YES;
				COPY_PHASE_STRIP = NO;
				DEBUG_INFORMATION_FORMAT = dwarf;
				ENABLE_STRICT_OBJC_MSGSEND = YES;
				ENABLE_TESTABILITY = YES;
				GCC_C_LANGUAGE_STANDARD = gnu11;
				GCC_DYNAMIC_NO_PIC = NO;
				GCC_NO_COMMON_BLOCKS = YES;
				GCC_OPTIMIZATION_LEVEL = 0;
				GCC_PREPROCESSOR_DEFINITIONS = (
					"DEBUG=1",
					"$(inherited)",
				);
				GCC_WARN_64_TO_32_BIT_CONVERSION = YES;
				GCC_WARN_ABOUT_RETURN_TYPE = YES_ERROR;
				GCC_WARN_UNDECLARED_SELECTOR = YES;
				GCC_WARN_UNINITIALIZED_AUTOS = YES_AGGRESSIVE;
				GCC_WARN_UNUSED_FUNCTION = YES;
				GCC_WARN_UNUSED_VARIABLE = YES;
				IPHONEOS_DEPLOYMENT_TARGET = 15.2;
				MTL_ENABLE_DEBUG_INFO = INCLUDE_SOURCE;
				MTL_FAST_MATH = YES;
				ONLY_ACTIVE_ARCH = YES;
				SDKROOT = iphoneos;
				SWIFT_ACTIVE_COMPILATION_CONDITIONS = DEBUG;
				SWIFT_OPTIMIZATION_LEVEL = "-Onone";
			};
			name = Debug;
		};
		D3D8D534278FCA7500CE1A4D /* Release */ = {
			isa = XCBuildConfiguration;
			buildSettings = {
				ALWAYS_SEARCH_USER_PATHS = NO;
				CLANG_ANALYZER_NONNULL = YES;
				CLANG_ANALYZER_NUMBER_OBJECT_CONVERSION = YES_AGGRESSIVE;
				CLANG_CXX_LANGUAGE_STANDARD = "gnu++17";
				CLANG_CXX_LIBRARY = "libc++";
				CLANG_ENABLE_MODULES = YES;
				CLANG_ENABLE_OBJC_ARC = YES;
				CLANG_ENABLE_OBJC_WEAK = YES;
				CLANG_WARN_BLOCK_CAPTURE_AUTORELEASING = YES;
				CLANG_WARN_BOOL_CONVERSION = YES;
				CLANG_WARN_COMMA = YES;
				CLANG_WARN_CONSTANT_CONVERSION = YES;
				CLANG_WARN_DEPRECATED_OBJC_IMPLEMENTATIONS = YES;
				CLANG_WARN_DIRECT_OBJC_ISA_USAGE = YES_ERROR;
				CLANG_WARN_DOCUMENTATION_COMMENTS = YES;
				CLANG_WARN_EMPTY_BODY = YES;
				CLANG_WARN_ENUM_CONVERSION = YES;
				CLANG_WARN_INFINITE_RECURSION = YES;
				CLANG_WARN_INT_CONVERSION = YES;
				CLANG_WARN_NON_LITERAL_NULL_CONVERSION = YES;
				CLANG_WARN_OBJC_IMPLICIT_RETAIN_SELF = YES;
				CLANG_WARN_OBJC_LITERAL_CONVERSION = YES;
				CLANG_WARN_OBJC_ROOT_CLASS = YES_ERROR;
				CLANG_WARN_QUOTED_INCLUDE_IN_FRAMEWORK_HEADER = YES;
				CLANG_WARN_RANGE_LOOP_ANALYSIS = YES;
				CLANG_WARN_STRICT_PROTOTYPES = YES;
				CLANG_WARN_SUSPICIOUS_MOVE = YES;
				CLANG_WARN_UNGUARDED_AVAILABILITY = YES_AGGRESSIVE;
				CLANG_WARN_UNREACHABLE_CODE = YES;
				CLANG_WARN__DUPLICATE_METHOD_MATCH = YES;
				COPY_PHASE_STRIP = NO;
				DEBUG_INFORMATION_FORMAT = "dwarf-with-dsym";
				ENABLE_NS_ASSERTIONS = NO;
				ENABLE_STRICT_OBJC_MSGSEND = YES;
				GCC_C_LANGUAGE_STANDARD = gnu11;
				GCC_NO_COMMON_BLOCKS = YES;
				GCC_WARN_64_TO_32_BIT_CONVERSION = YES;
				GCC_WARN_ABOUT_RETURN_TYPE = YES_ERROR;
				GCC_WARN_UNDECLARED_SELECTOR = YES;
				GCC_WARN_UNINITIALIZED_AUTOS = YES_AGGRESSIVE;
				GCC_WARN_UNUSED_FUNCTION = YES;
				GCC_WARN_UNUSED_VARIABLE = YES;
				IPHONEOS_DEPLOYMENT_TARGET = 15.2;
				MTL_ENABLE_DEBUG_INFO = NO;
				MTL_FAST_MATH = YES;
				SDKROOT = iphoneos;
				SWIFT_COMPILATION_MODE = wholemodule;
				SWIFT_OPTIMIZATION_LEVEL = "-O";
				VALIDATE_PRODUCT = YES;
			};
			name = Release;
		};
		D3D8D536278FCA7500CE1A4D /* Debug */ = {
			isa = XCBuildConfiguration;
			buildSettings = {
				ASSETCATALOG_COMPILER_APPICON_NAME = AppIcon;
				ASSETCATALOG_COMPILER_GLOBAL_ACCENT_COLOR_NAME = AccentColor;
				CODE_SIGN_STYLE = Automatic;
				CURRENT_PROJECT_VERSION = 1;
				DEVELOPMENT_ASSET_PATHS = "\"AtkPro/Preview Content\"";
				ENABLE_PREVIEWS = YES;
				GENERATE_INFOPLIST_FILE = YES;
				INFOPLIST_KEY_UIApplicationSceneManifest_Generation = YES;
				INFOPLIST_KEY_UIApplicationSupportsIndirectInputEvents = YES;
				INFOPLIST_KEY_UILaunchScreen_Generation = YES;
				INFOPLIST_KEY_UISupportedInterfaceOrientations_iPad = "UIInterfaceOrientationPortrait UIInterfaceOrientationPortraitUpsideDown UIInterfaceOrientationLandscapeLeft UIInterfaceOrientationLandscapeRight";
				INFOPLIST_KEY_UISupportedInterfaceOrientations_iPhone = "UIInterfaceOrientationPortrait UIInterfaceOrientationLandscapeLeft UIInterfaceOrientationLandscapeRight";
				LD_RUNPATH_SEARCH_PATHS = (
					"$(inherited)",
					"@executable_path/Frameworks",
				);
				MARKETING_VERSION = 1.0;
				PRODUCT_BUNDLE_IDENTIFIER = com.mycompany.AtkPro;
				PRODUCT_NAME = "$(TARGET_NAME)";
				SWIFT_EMIT_LOC_STRINGS = YES;
				SWIFT_VERSION = 5.0;
				TARGETED_DEVICE_FAMILY = "1,2";
			};
			name = Debug;
		};
		D3D8D537278FCA7500CE1A4D /* Release */ = {
			isa = XCBuildConfiguration;
			buildSettings = {
				ASSETCATALOG_COMPILER_APPICON_NAME = AppIcon;
				ASSETCATALOG_COMPILER_GLOBAL_ACCENT_COLOR_NAME = AccentColor;
				CODE_SIGN_STYLE = Automatic;
				CURRENT_PROJECT_VERSION = 1;
				DEVELOPMENT_ASSET_PATHS = "\"AtkPro/Preview Content\"";
				ENABLE_PREVIEWS = YES;
				GENERATE_INFOPLIST_FILE = YES;
				INFOPLIST_KEY_UIApplicationSceneManifest_Generation = YES;
				INFOPLIST_KEY_UIApplicationSupportsIndirectInputEvents = YES;
				INFOPLIST_KEY_UILaunchScreen_Generation = YES;
				INFOPLIST_KEY_UISupportedInterfaceOrientations_iPad = "UIInterfaceOrientationPortrait UIInterfaceOrientationPortraitUpsideDown UIInterfaceOrientationLandscapeLeft UIInterfaceOrientationLandscapeRight";
				INFOPLIST_KEY_UISupportedInterfaceOrientations_iPhone = "UIInterfaceOrientationPortrait UIInterfaceOrientationLandscapeLeft UIInterfaceOrientationLandscapeRight";
				LD_RUNPATH_SEARCH_PATHS = (
					"$(inherited)",
					"@executable_path/Frameworks",
				);
				MARKETING_VERSION = 1.0;
				PRODUCT_BUNDLE_IDENTIFIER = com.mycompany.AtkPro;
				PRODUCT_NAME = "$(TARGET_NAME)";
				SWIFT_EMIT_LOC_STRINGS = YES;
				SWIFT_VERSION = 5.0;
				TARGETED_DEVICE_FAMILY = "1,2";
			};
			name = Release;
		};
/* End XCBuildConfiguration section */

/* Begin XCConfigurationList section */
		D3D8D522278FCA7400CE1A4D /* Build configuration list for PBXProject "AtkPro" */ = {
			isa = XCConfigurationList;
			buildConfigurations = (
				D3D8D533278FCA7500CE1A4D /* Debug */,
				D3D8D534278FCA7500CE1A4D /* Release */,
			);
			defaultConfigurationIsVisible = 0;
			defaultConfigurationName = Release;
		};
		D3D8D535278FCA7500CE1A4D /* Build configuration list for PBXNativeTarget "AtkPro" */ = {
			isa = XCConfigurationList;
			buildConfigurations = (
				D3D8D536278FCA7500CE1A4D /* Debug */,
				D3D8D537278FCA7500CE1A4D /* Release */,
			);
			defaultConfigurationIsVisible = 0;
			defaultConfigurationName = Release;
		};
/* End XCConfigurationList section */
	};
	rootObject = D3D8D51F278FCA7400CE1A4D /* Project object */;
}
