// !$*UTF8*$!
{
	archiveVersion = 1;
	classes = {
	};
	objectVersion = 55;
	objects = {

/* Begin PBXBuildFile section */
		DD7B7B682787E94A002AFE27 /* TestWeekApp.swift in Sources */ = {isa = PBXBuildFile; fileRef = DD7B7B672787E94A002AFE27 /* TestWeekApp.swift */; };
		DD7B7B6A2787E94A002AFE27 /* ContentView.swift in Sources */ = {isa = PBXBuildFile; fileRef = DD7B7B692787E94A002AFE27 /* ContentView.swift */; };
		DD7B7B6C2787E94B002AFE27 /* Assets.xcassets in Resources */ = {isa = PBXBuildFile; fileRef = DD7B7B6B2787E94B002AFE27 /* Assets.xcassets */; };
		DD7B7B6F2787E94B002AFE27 /* Preview Assets.xcassets in Resources */ = {isa = PBXBuildFile; fileRef = DD7B7B6E2787E94B002AFE27 /* Preview Assets.xcassets */; };
		DD7B7B832787E9DE002AFE27 /* F_Virgo.swift in Sources */ = {isa = PBXBuildFile; fileRef = DD7B7B772787E9DE002AFE27 /* F_Virgo.swift */; };
		DD7B7B842787E9DE002AFE27 /* F_Leo.swift in Sources */ = {isa = PBXBuildFile; fileRef = DD7B7B782787E9DE002AFE27 /* F_Leo.swift */; };
		DD7B7B852787E9DE002AFE27 /* F_Cancer.swift in Sources */ = {isa = PBXBuildFile; fileRef = DD7B7B792787E9DE002AFE27 /* F_Cancer.swift */; };
		DD7B7B862787E9DE002AFE27 /* F_Pisces.swift in Sources */ = {isa = PBXBuildFile; fileRef = DD7B7B7A2787E9DE002AFE27 /* F_Pisces.swift */; };
		DD7B7B872787E9DE002AFE27 /* F_Taurus.swift in Sources */ = {isa = PBXBuildFile; fileRef = DD7B7B7B2787E9DE002AFE27 /* F_Taurus.swift */; };
		DD7B7B882787E9DE002AFE27 /* F_Aries.swift in Sources */ = {isa = PBXBuildFile; fileRef = DD7B7B7C2787E9DE002AFE27 /* F_Aries.swift */; };
		DD7B7B892787E9DE002AFE27 /* F_Gemini.swift in Sources */ = {isa = PBXBuildFile; fileRef = DD7B7B7D2787E9DE002AFE27 /* F_Gemini.swift */; };
		DD7B7B8A2787E9DE002AFE27 /* theZodiac.swift in Sources */ = {isa = PBXBuildFile; fileRef = DD7B7B7E2787E9DE002AFE27 /* theZodiac.swift */; };
		DD7B7B8B2787E9DE002AFE27 /* F_Capricorn.swift in Sources */ = {isa = PBXBuildFile; fileRef = DD7B7B7F2787E9DE002AFE27 /* F_Capricorn.swift */; };
		DD7B7B8C2787E9DE002AFE27 /* F_Libra.swift in Sources */ = {isa = PBXBuildFile; fileRef = DD7B7B802787E9DE002AFE27 /* F_Libra.swift */; };
		DD7B7B8D2787E9DE002AFE27 /* F_Sagittarius.swift in Sources */ = {isa = PBXBuildFile; fileRef = DD7B7B812787E9DE002AFE27 /* F_Sagittarius.swift */; };
		DD7B7B8E2787E9DE002AFE27 /* F_Scorpio.swift in Sources */ = {isa = PBXBuildFile; fileRef = DD7B7B822787E9DE002AFE27 /* F_Scorpio.swift */; };
		DD7B7B982787EF9B002AFE27 /* zodiac.swift in Sources */ = {isa = PBXBuildFile; fileRef = DD7B7B972787EF9B002AFE27 /* zodiac.swift */; };
		DD7B7B9B2787F023002AFE27 /* ReadData.swift in Sources */ = {isa = PBXBuildFile; fileRef = DD7B7B9A2787F023002AFE27 /* ReadData.swift */; };
		DD7B7B9F2787F9E8002AFE27 /* Notuse.swift in Sources */ = {isa = PBXBuildFile; fileRef = DD7B7B9E2787F9E8002AFE27 /* Notuse.swift */; };
		DD84894227881800005DE879 /* zodiac horoscope.json in Resources */ = {isa = PBXBuildFile; fileRef = DD84894127881800005DE879 /* zodiac horoscope.json */; };
/* End PBXBuildFile section */

/* Begin PBXFileReference section */
		DD7B7B642787E94A002AFE27 /* TestWeek.app */ = {isa = PBXFileReference; explicitFileType = wrapper.application; includeInIndex = 0; path = TestWeek.app; sourceTree = BUILT_PRODUCTS_DIR; };
		DD7B7B672787E94A002AFE27 /* TestWeekApp.swift */ = {isa = PBXFileReference; lastKnownFileType = sourcecode.swift; path = TestWeekApp.swift; sourceTree = "<group>"; };
		DD7B7B692787E94A002AFE27 /* ContentView.swift */ = {isa = PBXFileReference; lastKnownFileType = sourcecode.swift; path = ContentView.swift; sourceTree = "<group>"; tabWidth = 4; };
		DD7B7B6B2787E94B002AFE27 /* Assets.xcassets */ = {isa = PBXFileReference; lastKnownFileType = folder.assetcatalog; path = Assets.xcassets; sourceTree = "<group>"; };
		DD7B7B6E2787E94B002AFE27 /* Preview Assets.xcassets */ = {isa = PBXFileReference; lastKnownFileType = folder.assetcatalog; path = "Preview Assets.xcassets"; sourceTree = "<group>"; };
		DD7B7B772787E9DE002AFE27 /* F_Virgo.swift */ = {isa = PBXFileReference; fileEncoding = 4; lastKnownFileType = sourcecode.swift; path = F_Virgo.swift; sourceTree = "<group>"; };
		DD7B7B782787E9DE002AFE27 /* F_Leo.swift */ = {isa = PBXFileReference; fileEncoding = 4; lastKnownFileType = sourcecode.swift; path = F_Leo.swift; sourceTree = "<group>"; };
		DD7B7B792787E9DE002AFE27 /* F_Cancer.swift */ = {isa = PBXFileReference; fileEncoding = 4; lastKnownFileType = sourcecode.swift; path = F_Cancer.swift; sourceTree = "<group>"; };
		DD7B7B7A2787E9DE002AFE27 /* F_Pisces.swift */ = {isa = PBXFileReference; fileEncoding = 4; lastKnownFileType = sourcecode.swift; path = F_Pisces.swift; sourceTree = "<group>"; };
		DD7B7B7B2787E9DE002AFE27 /* F_Taurus.swift */ = {isa = PBXFileReference; fileEncoding = 4; lastKnownFileType = sourcecode.swift; path = F_Taurus.swift; sourceTree = "<group>"; };
		DD7B7B7C2787E9DE002AFE27 /* F_Aries.swift */ = {isa = PBXFileReference; fileEncoding = 4; lastKnownFileType = sourcecode.swift; path = F_Aries.swift; sourceTree = "<group>"; };
		DD7B7B7D2787E9DE002AFE27 /* F_Gemini.swift */ = {isa = PBXFileReference; fileEncoding = 4; lastKnownFileType = sourcecode.swift; path = F_Gemini.swift; sourceTree = "<group>"; };
		DD7B7B7E2787E9DE002AFE27 /* theZodiac.swift */ = {isa = PBXFileReference; fileEncoding = 4; lastKnownFileType = sourcecode.swift; path = theZodiac.swift; sourceTree = "<group>"; };
		DD7B7B7F2787E9DE002AFE27 /* F_Capricorn.swift */ = {isa = PBXFileReference; fileEncoding = 4; lastKnownFileType = sourcecode.swift; path = F_Capricorn.swift; sourceTree = "<group>"; };
		DD7B7B802787E9DE002AFE27 /* F_Libra.swift */ = {isa = PBXFileReference; fileEncoding = 4; lastKnownFileType = sourcecode.swift; path = F_Libra.swift; sourceTree = "<group>"; };
		DD7B7B812787E9DE002AFE27 /* F_Sagittarius.swift */ = {isa = PBXFileReference; fileEncoding = 4; lastKnownFileType = sourcecode.swift; path = F_Sagittarius.swift; sourceTree = "<group>"; };
		DD7B7B822787E9DE002AFE27 /* F_Scorpio.swift */ = {isa = PBXFileReference; fileEncoding = 4; lastKnownFileType = sourcecode.swift; path = F_Scorpio.swift; sourceTree = "<group>"; };
		DD7B7B972787EF9B002AFE27 /* zodiac.swift */ = {isa = PBXFileReference; lastKnownFileType = sourcecode.swift; path = zodiac.swift; sourceTree = "<group>"; };
		DD7B7B9A2787F023002AFE27 /* ReadData.swift */ = {isa = PBXFileReference; lastKnownFileType = sourcecode.swift; path = ReadData.swift; sourceTree = "<group>"; };
		DD7B7B9E2787F9E8002AFE27 /* Notuse.swift */ = {isa = PBXFileReference; lastKnownFileType = sourcecode.swift; path = Notuse.swift; sourceTree = "<group>"; };
		DD84894127881800005DE879 /* zodiac horoscope.json */ = {isa = PBXFileReference; fileEncoding = 4; lastKnownFileType = text.json; name = "zodiac horoscope.json"; path = "../Not use/zodiac horoscope.json"; sourceTree = "<group>"; };
/* End PBXFileReference section */

/* Begin PBXFrameworksBuildPhase section */
		DD7B7B612787E94A002AFE27 /* Frameworks */ = {
			isa = PBXFrameworksBuildPhase;
			buildActionMask = 2147483647;
			files = (
			);
			runOnlyForDeploymentPostprocessing = 0;
		};
/* End PBXFrameworksBuildPhase section */

/* Begin PBXGroup section */
		DD7B7B5B2787E94A002AFE27 = {
			isa = PBXGroup;
			children = (
				DD7B7B662787E94A002AFE27 /* TestWeek */,
				DD7B7B652787E94A002AFE27 /* Products */,
			);
			sourceTree = "<group>";
		};
		DD7B7B652787E94A002AFE27 /* Products */ = {
			isa = PBXGroup;
			children = (
				DD7B7B642787E94A002AFE27 /* TestWeek.app */,
			);
			name = Products;
			sourceTree = "<group>";
		};
		DD7B7B662787E94A002AFE27 /* TestWeek */ = {
			isa = PBXGroup;
			children = (
				DD7B7B672787E94A002AFE27 /* TestWeekApp.swift */,
				DD7B7B692787E94A002AFE27 /* ContentView.swift */,
				DD7B7B992787EFF3002AFE27 /* ReadDatazodiac */,
				DD7B7B962787EF83002AFE27 /* Models */,
				DD7B7B912787EEDB002AFE27 /* Json Zodiac */,
				DD7B7BA027880FA6002AFE27 /* Not use */,
				DD7B7B6B2787E94B002AFE27 /* Assets.xcassets */,
				DD7B7B6D2787E94B002AFE27 /* Preview Content */,
			);
			path = TestWeek;
			sourceTree = "<group>";
		};
		DD7B7B6D2787E94B002AFE27 /* Preview Content */ = {
			isa = PBXGroup;
			children = (
				DD7B7B6E2787E94B002AFE27 /* Preview Assets.xcassets */,
			);
			path = "Preview Content";
			sourceTree = "<group>";
		};
		DD7B7B912787EEDB002AFE27 /* Json Zodiac */ = {
			isa = PBXGroup;
			children = (
				DD84894127881800005DE879 /* zodiac horoscope.json */,
			);
			path = "Json Zodiac";
			sourceTree = "<group>";
		};
		DD7B7B962787EF83002AFE27 /* Models */ = {
			isa = PBXGroup;
			children = (
				DD7B7B972787EF9B002AFE27 /* zodiac.swift */,
			);
			path = Models;
			sourceTree = "<group>";
		};
		DD7B7B992787EFF3002AFE27 /* ReadDatazodiac */ = {
			isa = PBXGroup;
			children = (
				DD7B7B9A2787F023002AFE27 /* ReadData.swift */,
			);
			path = ReadDatazodiac;
			sourceTree = "<group>";
		};
		DD7B7BA027880FA6002AFE27 /* Not use */ = {
			isa = PBXGroup;
			children = (
				DD7B7B9E2787F9E8002AFE27 /* Notuse.swift */,
				DD7B7B7E2787E9DE002AFE27 /* theZodiac.swift */,
				DD7B7B7C2787E9DE002AFE27 /* F_Aries.swift */,
				DD7B7B792787E9DE002AFE27 /* F_Cancer.swift */,
				DD7B7B7F2787E9DE002AFE27 /* F_Capricorn.swift */,
				DD7B7B7D2787E9DE002AFE27 /* F_Gemini.swift */,
				DD7B7B782787E9DE002AFE27 /* F_Leo.swift */,
				DD7B7B802787E9DE002AFE27 /* F_Libra.swift */,
				DD7B7B7A2787E9DE002AFE27 /* F_Pisces.swift */,
				DD7B7B812787E9DE002AFE27 /* F_Sagittarius.swift */,
				DD7B7B822787E9DE002AFE27 /* F_Scorpio.swift */,
				DD7B7B7B2787E9DE002AFE27 /* F_Taurus.swift */,
				DD7B7B772787E9DE002AFE27 /* F_Virgo.swift */,
			);
			path = "Not use";
			sourceTree = "<group>";
		};
/* End PBXGroup section */

/* Begin PBXNativeTarget section */
		DD7B7B632787E94A002AFE27 /* TestWeek */ = {
			isa = PBXNativeTarget;
			buildConfigurationList = DD7B7B722787E94B002AFE27 /* Build configuration list for PBXNativeTarget "TestWeek" */;
			buildPhases = (
				DD7B7B602787E94A002AFE27 /* Sources */,
				DD7B7B612787E94A002AFE27 /* Frameworks */,
				DD7B7B622787E94A002AFE27 /* Resources */,
			);
			buildRules = (
			);
			dependencies = (
			);
			name = TestWeek;
			productName = TestWeek;
			productReference = DD7B7B642787E94A002AFE27 /* TestWeek.app */;
			productType = "com.apple.product-type.application";
		};
/* End PBXNativeTarget section */

/* Begin PBXProject section */
		DD7B7B5C2787E94A002AFE27 /* Project object */ = {
			isa = PBXProject;
			attributes = {
				BuildIndependentTargetsInParallel = 1;
				LastSwiftUpdateCheck = 1320;
				LastUpgradeCheck = 1320;
				TargetAttributes = {
					DD7B7B632787E94A002AFE27 = {
						CreatedOnToolsVersion = 13.2.1;
					};
				};
			};
			buildConfigurationList = DD7B7B5F2787E94A002AFE27 /* Build configuration list for PBXProject "TestWeek" */;
			compatibilityVersion = "Xcode 13.0";
			developmentRegion = en;
			hasScannedForEncodings = 0;
			knownRegions = (
				en,
				Base,
			);
			mainGroup = DD7B7B5B2787E94A002AFE27;
			productRefGroup = DD7B7B652787E94A002AFE27 /* Products */;
			projectDirPath = "";
			projectRoot = "";
			targets = (
				DD7B7B632787E94A002AFE27 /* TestWeek */,
			);
		};
/* End PBXProject section */

/* Begin PBXResourcesBuildPhase section */
		DD7B7B622787E94A002AFE27 /* Resources */ = {
			isa = PBXResourcesBuildPhase;
			buildActionMask = 2147483647;
			files = (
				DD7B7B6F2787E94B002AFE27 /* Preview Assets.xcassets in Resources */,
				DD84894227881800005DE879 /* zodiac horoscope.json in Resources */,
				DD7B7B6C2787E94B002AFE27 /* Assets.xcassets in Resources */,
			);
			runOnlyForDeploymentPostprocessing = 0;
		};
/* End PBXResourcesBuildPhase section */

/* Begin PBXSourcesBuildPhase section */
		DD7B7B602787E94A002AFE27 /* Sources */ = {
			isa = PBXSourcesBuildPhase;
			buildActionMask = 2147483647;
			files = (
				DD7B7B892787E9DE002AFE27 /* F_Gemini.swift in Sources */,
				DD7B7B8A2787E9DE002AFE27 /* theZodiac.swift in Sources */,
				DD7B7B8E2787E9DE002AFE27 /* F_Scorpio.swift in Sources */,
				DD7B7B832787E9DE002AFE27 /* F_Virgo.swift in Sources */,
				DD7B7B882787E9DE002AFE27 /* F_Aries.swift in Sources */,
				DD7B7B862787E9DE002AFE27 /* F_Pisces.swift in Sources */,
				DD7B7B982787EF9B002AFE27 /* zodiac.swift in Sources */,
				DD7B7B6A2787E94A002AFE27 /* ContentView.swift in Sources */,
				DD7B7B8B2787E9DE002AFE27 /* F_Capricorn.swift in Sources */,
				DD7B7B682787E94A002AFE27 /* TestWeekApp.swift in Sources */,
				DD7B7B852787E9DE002AFE27 /* F_Cancer.swift in Sources */,
				DD7B7B8D2787E9DE002AFE27 /* F_Sagittarius.swift in Sources */,
				DD7B7B872787E9DE002AFE27 /* F_Taurus.swift in Sources */,
				DD7B7B842787E9DE002AFE27 /* F_Leo.swift in Sources */,
				DD7B7B8C2787E9DE002AFE27 /* F_Libra.swift in Sources */,
				DD7B7B9F2787F9E8002AFE27 /* Notuse.swift in Sources */,
				DD7B7B9B2787F023002AFE27 /* ReadData.swift in Sources */,
			);
			runOnlyForDeploymentPostprocessing = 0;
		};
/* End PBXSourcesBuildPhase section */

/* Begin XCBuildConfiguration section */
		DD7B7B702787E94B002AFE27 /* Debug */ = {
			isa = XCBuildConfiguration;
			buildSettings = {
				ALWAYS_SEARCH_USER_PATHS = NO;
				CLANG_ANALYZER_NONNULL = YES;
				CLANG_ANALYZER_NUMBER_OBJECT_CONVERSION = YES_AGGRESSIVE;
				CLANG_CXX_LANGUAGE_STANDARD = "gnu++17";
				CLANG_CXX_LIBRARY = "libc++";
				CLANG_ENABLE_MODULES = YES;
				CLANG_ENABLE_OBJC_ARC = YES;
				CLANG_ENABLE_OBJC_WEAK = YES;
				CLANG_WARN_BLOCK_CAPTURE_AUTORELEASING = YES;
				CLANG_WARN_BOOL_CONVERSION = YES;
				CLANG_WARN_COMMA = YES;
				CLANG_WARN_CONSTANT_CONVERSION = YES;
				CLANG_WARN_DEPRECATED_OBJC_IMPLEMENTATIONS = YES;
				CLANG_WARN_DIRECT_OBJC_ISA_USAGE = YES_ERROR;
				CLANG_WARN_DOCUMENTATION_COMMENTS = YES;
				CLANG_WARN_EMPTY_BODY = YES;
				CLANG_WARN_ENUM_CONVERSION = YES;
				CLANG_WARN_INFINITE_RECURSION = YES;
				CLANG_WARN_INT_CONVERSION = YES;
				CLANG_WARN_NON_LITERAL_NULL_CONVERSION = YES;
				CLANG_WARN_OBJC_IMPLICIT_RETAIN_SELF = YES;
				CLANG_WARN_OBJC_LITERAL_CONVERSION = YES;
				CLANG_WARN_OBJC_ROOT_CLASS = YES_ERROR;
				CLANG_WARN_QUOTED_INCLUDE_IN_FRAMEWORK_HEADER = YES;
				CLANG_WARN_RANGE_LOOP_ANALYSIS = YES;
				CLANG_WARN_STRICT_PROTOTYPES = YES;
				CLANG_WARN_SUSPICIOUS_MOVE = YES;
				CLANG_WARN_UNGUARDED_AVAILABILITY = YES_AGGRESSIVE;
				CLANG_WARN_UNREACHABLE_CODE = YES;
				CLANG_WARN__DUPLICATE_METHOD_MATCH = YES;
				COPY_PHASE_STRIP = NO;
				DEBUG_INFORMATION_FORMAT = dwarf;
				ENABLE_STRICT_OBJC_MSGSEND = YES;
				ENABLE_TESTABILITY = YES;
				GCC_C_LANGUAGE_STANDARD = gnu11;
				GCC_DYNAMIC_NO_PIC = NO;
				GCC_NO_COMMON_BLOCKS = YES;
				GCC_OPTIMIZATION_LEVEL = 0;
				GCC_PREPROCESSOR_DEFINITIONS = (
					"DEBUG=1",
					"$(inherited)",
				);
				GCC_WARN_64_TO_32_BIT_CONVERSION = YES;
				GCC_WARN_ABOUT_RETURN_TYPE = YES_ERROR;
				GCC_WARN_UNDECLARED_SELECTOR = YES;
				GCC_WARN_UNINITIALIZED_AUTOS = YES_AGGRESSIVE;
				GCC_WARN_UNUSED_FUNCTION = YES;
				GCC_WARN_UNUSED_VARIABLE = YES;
				IPHONEOS_DEPLOYMENT_TARGET = 15.2;
				MTL_ENABLE_DEBUG_INFO = INCLUDE_SOURCE;
				MTL_FAST_MATH = YES;
				ONLY_ACTIVE_ARCH = YES;
				SDKROOT = iphoneos;
				SWIFT_ACTIVE_COMPILATION_CONDITIONS = DEBUG;
				SWIFT_OPTIMIZATION_LEVEL = "-Onone";
			};
			name = Debug;
		};
		DD7B7B712787E94B002AFE27 /* Release */ = {
			isa = XCBuildConfiguration;
			buildSettings = {
				ALWAYS_SEARCH_USER_PATHS = NO;
				CLANG_ANALYZER_NONNULL = YES;
				CLANG_ANALYZER_NUMBER_OBJECT_CONVERSION = YES_AGGRESSIVE;
				CLANG_CXX_LANGUAGE_STANDARD = "gnu++17";
				CLANG_CXX_LIBRARY = "libc++";
				CLANG_ENABLE_MODULES = YES;
				CLANG_ENABLE_OBJC_ARC = YES;
				CLANG_ENABLE_OBJC_WEAK = YES;
				CLANG_WARN_BLOCK_CAPTURE_AUTORELEASING = YES;
				CLANG_WARN_BOOL_CONVERSION = YES;
				CLANG_WARN_COMMA = YES;
				CLANG_WARN_CONSTANT_CONVERSION = YES;
				CLANG_WARN_DEPRECATED_OBJC_IMPLEMENTATIONS = YES;
				CLANG_WARN_DIRECT_OBJC_ISA_USAGE = YES_ERROR;
				CLANG_WARN_DOCUMENTATION_COMMENTS = YES;
				CLANG_WARN_EMPTY_BODY = YES;
				CLANG_WARN_ENUM_CONVERSION = YES;
				CLANG_WARN_INFINITE_RECURSION = YES;
				CLANG_WARN_INT_CONVERSION = YES;
				CLANG_WARN_NON_LITERAL_NULL_CONVERSION = YES;
				CLANG_WARN_OBJC_IMPLICIT_RETAIN_SELF = YES;
				CLANG_WARN_OBJC_LITERAL_CONVERSION = YES;
				CLANG_WARN_OBJC_ROOT_CLASS = YES_ERROR;
				CLANG_WARN_QUOTED_INCLUDE_IN_FRAMEWORK_HEADER = YES;
				CLANG_WARN_RANGE_LOOP_ANALYSIS = YES;
				CLANG_WARN_STRICT_PROTOTYPES = YES;
				CLANG_WARN_SUSPICIOUS_MOVE = YES;
				CLANG_WARN_UNGUARDED_AVAILABILITY = YES_AGGRESSIVE;
				CLANG_WARN_UNREACHABLE_CODE = YES;
				CLANG_WARN__DUPLICATE_METHOD_MATCH = YES;
				COPY_PHASE_STRIP = NO;
				DEBUG_INFORMATION_FORMAT = "dwarf-with-dsym";
				ENABLE_NS_ASSERTIONS = NO;
				ENABLE_STRICT_OBJC_MSGSEND = YES;
				GCC_C_LANGUAGE_STANDARD = gnu11;
				GCC_NO_COMMON_BLOCKS = YES;
				GCC_WARN_64_TO_32_BIT_CONVERSION = YES;
				GCC_WARN_ABOUT_RETURN_TYPE = YES_ERROR;
				GCC_WARN_UNDECLARED_SELECTOR = YES;
				GCC_WARN_UNINITIALIZED_AUTOS = YES_AGGRESSIVE;
				GCC_WARN_UNUSED_FUNCTION = YES;
				GCC_WARN_UNUSED_VARIABLE = YES;
				IPHONEOS_DEPLOYMENT_TARGET = 15.2;
				MTL_ENABLE_DEBUG_INFO = NO;
				MTL_FAST_MATH = YES;
				SDKROOT = iphoneos;
				SWIFT_COMPILATION_MODE = wholemodule;
				SWIFT_OPTIMIZATION_LEVEL = "-O";
				VALIDATE_PRODUCT = YES;
			};
			name = Release;
		};
		DD7B7B732787E94B002AFE27 /* Debug */ = {
			isa = XCBuildConfiguration;
			buildSettings = {
				ASSETCATALOG_COMPILER_APPICON_NAME = AppIcon;
				ASSETCATALOG_COMPILER_GLOBAL_ACCENT_COLOR_NAME = AccentColor;
				CODE_SIGN_STYLE = Automatic;
				CURRENT_PROJECT_VERSION = 1;
				DEVELOPMENT_ASSET_PATHS = "\"TestWeek/Preview Content\"";
				ENABLE_PREVIEWS = YES;
				GENERATE_INFOPLIST_FILE = YES;
				INFOPLIST_KEY_UIApplicationSceneManifest_Generation = YES;
				INFOPLIST_KEY_UIApplicationSupportsIndirectInputEvents = YES;
				INFOPLIST_KEY_UILaunchScreen_Generation = YES;
				INFOPLIST_KEY_UISupportedInterfaceOrientations_iPad = "UIInterfaceOrientationPortrait UIInterfaceOrientationPortraitUpsideDown UIInterfaceOrientationLandscapeLeft UIInterfaceOrientationLandscapeRight";
				INFOPLIST_KEY_UISupportedInterfaceOrientations_iPhone = "UIInterfaceOrientationPortrait UIInterfaceOrientationLandscapeLeft UIInterfaceOrientationLandscapeRight";
				LD_RUNPATH_SEARCH_PATHS = (
					"$(inherited)",
					"@executable_path/Frameworks",
				);
				MARKETING_VERSION = 1.0;
				PRODUCT_BUNDLE_IDENTIFIER = com.mycompany.TestWeek;
				PRODUCT_NAME = "$(TARGET_NAME)";
				SWIFT_EMIT_LOC_STRINGS = YES;
				SWIFT_VERSION = 5.0;
				TARGETED_DEVICE_FAMILY = "1,2";
			};
			name = Debug;
		};
		DD7B7B742787E94B002AFE27 /* Release */ = {
			isa = XCBuildConfiguration;
			buildSettings = {
				ASSETCATALOG_COMPILER_APPICON_NAME = AppIcon;
				ASSETCATALOG_COMPILER_GLOBAL_ACCENT_COLOR_NAME = AccentColor;
				CODE_SIGN_STYLE = Automatic;
				CURRENT_PROJECT_VERSION = 1;
				DEVELOPMENT_ASSET_PATHS = "\"TestWeek/Preview Content\"";
				ENABLE_PREVIEWS = YES;
				GENERATE_INFOPLIST_FILE = YES;
				INFOPLIST_KEY_UIApplicationSceneManifest_Generation = YES;
				INFOPLIST_KEY_UIApplicationSupportsIndirectInputEvents = YES;
				INFOPLIST_KEY_UILaunchScreen_Generation = YES;
				INFOPLIST_KEY_UISupportedInterfaceOrientations_iPad = "UIInterfaceOrientationPortrait UIInterfaceOrientationPortraitUpsideDown UIInterfaceOrientationLandscapeLeft UIInterfaceOrientationLandscapeRight";
				INFOPLIST_KEY_UISupportedInterfaceOrientations_iPhone = "UIInterfaceOrientationPortrait UIInterfaceOrientationLandscapeLeft UIInterfaceOrientationLandscapeRight";
				LD_RUNPATH_SEARCH_PATHS = (
					"$(inherited)",
					"@executable_path/Frameworks",
				);
				MARKETING_VERSION = 1.0;
				PRODUCT_BUNDLE_IDENTIFIER = com.mycompany.TestWeek;
				PRODUCT_NAME = "$(TARGET_NAME)";
				SWIFT_EMIT_LOC_STRINGS = YES;
				SWIFT_VERSION = 5.0;
				TARGETED_DEVICE_FAMILY = "1,2";
			};
			name = Release;
		};
/* End XCBuildConfiguration section */

/* Begin XCConfigurationList section */
		DD7B7B5F2787E94A002AFE27 /* Build configuration list for PBXProject "TestWeek" */ = {
			isa = XCConfigurationList;
			buildConfigurations = (
				DD7B7B702787E94B002AFE27 /* Debug */,
				DD7B7B712787E94B002AFE27 /* Release */,
			);
			defaultConfigurationIsVisible = 0;
			defaultConfigurationName = Release;
		};
		DD7B7B722787E94B002AFE27 /* Build configuration list for PBXNativeTarget "TestWeek" */ = {
			isa = XCConfigurationList;
			buildConfigurations = (
				DD7B7B732787E94B002AFE27 /* Debug */,
				DD7B7B742787E94B002AFE27 /* Release */,
			);
			defaultConfigurationIsVisible = 0;
			defaultConfigurationName = Release;
		};
/* End XCConfigurationList section */
	};
	rootObject = DD7B7B5C2787E94A002AFE27 /* Project object */;
}
